
Microsoft Visual Studio Solution File, Format Version 12.00
# Visual Studio Version 16
VisualStudioVersion = 16.0.30717.126
MinimumVisualStudioVersion = 10.0.40219.1
Project("{FAE04EC0-301F-11D3-BF4B-00C04F79EFBC}") = "OJT_KGB_NO1_DoublyLinkedList", "OJT_KGB_NO1_DoublyLinkedList\OJT_KGB_NO1_DoublyLinkedList.csproj", "{5DE10981-F6B5-411E-8094-F0BF7F0A432C}"
EndProject
Global
	GlobalSection(SolutionConfigurationPlatforms) = preSolution
		Debug|Any CPU = Debug|Any CPU
		Release|Any CPU = Release|Any CPU
	EndGlobalSection
	GlobalSection(ProjectConfigurationPlatforms) = postSolution
		{5DE10981-F6B5-411E-8094-F0BF7F0A432C}.Debug|Any CPU.ActiveCfg = Debug|Any CPU
		{5DE10981-F6B5-411E-8094-F0BF7F0A432C}.Debug|Any CPU.Build.0 = Debug|Any CPU
		{5DE10981-F6B5-411E-8094-F0BF7F0A432C}.Release|Any CPU.ActiveCfg = Release|Any CPU
		{5DE10981-F6B5-411E-8094-F0BF7F0A432C}.Release|Any CPU.Build.0 = Release|Any CPU
	EndGlobalSection
	GlobalSection(SolutionProperties) = preSolution
		HideSolutionNode = FALSE
	EndGlobalSection
	GlobalSection(ExtensibilityGlobals) = postSolution
		SolutionGuid = {3D1E896B-E670-4098-B0CF-7EF5AA236649}
	EndGlobalSection
EndGlobal
